
Microsoft Visual Studio Solution File, Format Version 12.00
# Visual Studio Version 16
VisualStudioVersion = 16.0.31005.135
MinimumVisualStudioVersion = 10.0.40219.1
Project("{2150E333-8FDC-42A3-9474-1A3956D46DE8}") = "Application", "Application", "{2664EC02-E66D-40AB-ACE9-926CA55DAB98}"
EndProject
Project("{2150E333-8FDC-42A3-9474-1A3956D46DE8}") = "Domain", "Domain", "{5C5A90EB-B006-4955-9942-D443779F81FF}"
EndProject
Project("{2150E333-8FDC-42A3-9474-1A3956D46DE8}") = "Data", "Data", "{F8E7A295-F465-41FB-B924-D5ED645D9640}"
EndProject
Project("{2150E333-8FDC-42A3-9474-1A3956D46DE8}") = "Ioc", "Ioc", "{0F4C3CCC-D48B-4B6F-A5F3-31DE57EF02C8}"
EndProject
Project("{2150E333-8FDC-42A3-9474-1A3956D46DE8}") = "UI", "UI", "{D363BE15-FC6A-4DBC-8E2C-BBE4F6159295}"
EndProject
Project("{FAE04EC0-301F-11D3-BF4B-00C04F79EFBC}") = "Aroma Shop.Application", "Aroma Shop.Application\Aroma Shop.Application.csproj", "{92BA9F86-22FC-4B19-B027-7BBE70F3825F}"
EndProject
Project("{FAE04EC0-301F-11D3-BF4B-00C04F79EFBC}") = "Aroma Shop.Data", "Aroma Shop.Data\Aroma Shop.Data.csproj", "{50B5EBC1-0EE3-4675-A236-E4C77B120552}"
EndProject
Project("{FAE04EC0-301F-11D3-BF4B-00C04F79EFBC}") = "Aroma Shop.Domain", "Aroma Shop.Domain\Aroma Shop.Domain.csproj", "{5261E57B-B0A0-4D0F-95C4-2455E0ADEF5E}"
EndProject
Project("{FAE04EC0-301F-11D3-BF4B-00C04F79EFBC}") = "Aroma Shop.Ioc", "Aroma Shop.Ioc\Aroma Shop.Ioc.csproj", "{89519A58-EEA9-41DE-BA92-93F9E30A1BEE}"
EndProject
Project("{FAE04EC0-301F-11D3-BF4B-00C04F79EFBC}") = "Aroma Shop.Mvc", "Aroma Shop.Mvc\Aroma Shop.Mvc.csproj", "{98A9A880-92A1-40F7-8DB0-A1ECB4E5E8D6}"
EndProject
Global
	GlobalSection(SolutionConfigurationPlatforms) = preSolution
		Debug|Any CPU = Debug|Any CPU
		Release|Any CPU = Release|Any CPU
	EndGlobalSection
	GlobalSection(ProjectConfigurationPlatforms) = postSolution
		{92BA9F86-22FC-4B19-B027-7BBE70F3825F}.Debug|Any CPU.ActiveCfg = Debug|Any CPU
		{92BA9F86-22FC-4B19-B027-7BBE70F3825F}.Debug|Any CPU.Build.0 = Debug|Any CPU
		{92BA9F86-22FC-4B19-B027-7BBE70F3825F}.Release|Any CPU.ActiveCfg = Release|Any CPU
		{92BA9F86-22FC-4B19-B027-7BBE70F3825F}.Release|Any CPU.Build.0 = Release|Any CPU
		{50B5EBC1-0EE3-4675-A236-E4C77B120552}.Debug|Any CPU.ActiveCfg = Debug|Any CPU
		{50B5EBC1-0EE3-4675-A236-E4C77B120552}.Debug|Any CPU.Build.0 = Debug|Any CPU
		{50B5EBC1-0EE3-4675-A236-E4C77B120552}.Release|Any CPU.ActiveCfg = Release|Any CPU
		{50B5EBC1-0EE3-4675-A236-E4C77B120552}.Release|Any CPU.Build.0 = Release|Any CPU
		{5261E57B-B0A0-4D0F-95C4-2455E0ADEF5E}.Debug|Any CPU.ActiveCfg = Debug|Any CPU
		{5261E57B-B0A0-4D0F-95C4-2455E0ADEF5E}.Debug|Any CPU.Build.0 = Debug|Any CPU
		{5261E57B-B0A0-4D0F-95C4-2455E0ADEF5E}.Release|Any CPU.ActiveCfg = Release|Any CPU
		{5261E57B-B0A0-4D0F-95C4-2455E0ADEF5E}.Release|Any CPU.Build.0 = Release|Any CPU
		{89519A58-EEA9-41DE-BA92-93F9E30A1BEE}.Debug|Any CPU.ActiveCfg = Debug|Any CPU
		{89519A58-EEA9-41DE-BA92-93F9E30A1BEE}.Debug|Any CPU.Build.0 = Debug|Any CPU
		{89519A58-EEA9-41DE-BA92-93F9E30A1BEE}.Release|Any CPU.ActiveCfg = Release|Any CPU
		{89519A58-EEA9-41DE-BA92-93F9E30A1BEE}.Release|Any CPU.Build.0 = Release|Any CPU
		{98A9A880-92A1-40F7-8DB0-A1ECB4E5E8D6}.Debug|Any CPU.ActiveCfg = Debug|Any CPU
		{98A9A880-92A1-40F7-8DB0-A1ECB4E5E8D6}.Debug|Any CPU.Build.0 = Debug|Any CPU
		{98A9A880-92A1-40F7-8DB0-A1ECB4E5E8D6}.Release|Any CPU.ActiveCfg = Release|Any CPU
		{98A9A880-92A1-40F7-8DB0-A1ECB4E5E8D6}.Release|Any CPU.Build.0 = Release|Any CPU
	EndGlobalSection
	GlobalSection(SolutionProperties) = preSolution
		HideSolutionNode = FALSE
	EndGlobalSection
	GlobalSection(NestedProjects) = preSolution
		{92BA9F86-22FC-4B19-B027-7BBE70F3825F} = {2664EC02-E66D-40AB-ACE9-926CA55DAB98}
		{50B5EBC1-0EE3-4675-A236-E4C77B120552} = {F8E7A295-F465-41FB-B924-D5ED645D9640}
		{5261E57B-B0A0-4D0F-95C4-2455E0ADEF5E} = {5C5A90EB-B006-4955-9942-D443779F81FF}
		{89519A58-EEA9-41DE-BA92-93F9E30A1BEE} = {0F4C3CCC-D48B-4B6F-A5F3-31DE57EF02C8}
		{98A9A880-92A1-40F7-8DB0-A1ECB4E5E8D6} = {D363BE15-FC6A-4DBC-8E2C-BBE4F6159295}
	EndGlobalSection
	GlobalSection(ExtensibilityGlobals) = postSolution
		SolutionGuid = {3F834BE9-3C2E-477F-A807-9E19A25AE497}
	EndGlobalSection
EndGlobal
